
Microsoft Visual Studio Solution File, Format Version 12.00
# Visual Studio Version 17
VisualStudioVersion = 17.0.32014.148
MinimumVisualStudioVersion = 10.0.40219.1
Project("{9A19103F-16F7-4668-BE54-9A1E7A4F7556}") = "Teste.Api", "Teste.Api\Teste.Api.csproj", "{A0762FC0-6569-47DD-8114-E211544043C6}"
EndProject
Project("{9A19103F-16F7-4668-BE54-9A1E7A4F7556}") = "Teste.Domain", "Teste.Domain\Teste.Domain.csproj", "{F341C5E3-6524-4C9C-AC6A-269BB0EDA1BE}"
EndProject
Project("{FAE04EC0-301F-11D3-BF4B-00C04F79EFBC}") = "Teste.Database", "Teste.Database\Teste.Database.csproj", "{F82B0B1E-BA39-4A60-B8BF-8E2189AE4935}"
EndProject
Project("{FAE04EC0-301F-11D3-BF4B-00C04F79EFBC}") = "Teste.Front", "Teste.Front\Teste.Front.csproj", "{8B09B1B7-765E-4514-A740-FB50249B7F1F}"
EndProject
Global
	GlobalSection(SolutionConfigurationPlatforms) = preSolution
		Debug|Any CPU = Debug|Any CPU
		Release|Any CPU = Release|Any CPU
	EndGlobalSection
	GlobalSection(ProjectConfigurationPlatforms) = postSolution
		{A0762FC0-6569-47DD-8114-E211544043C6}.Debug|Any CPU.ActiveCfg = Debug|Any CPU
		{A0762FC0-6569-47DD-8114-E211544043C6}.Debug|Any CPU.Build.0 = Debug|Any CPU
		{A0762FC0-6569-47DD-8114-E211544043C6}.Release|Any CPU.ActiveCfg = Release|Any CPU
		{A0762FC0-6569-47DD-8114-E211544043C6}.Release|Any CPU.Build.0 = Release|Any CPU
		{F341C5E3-6524-4C9C-AC6A-269BB0EDA1BE}.Debug|Any CPU.ActiveCfg = Debug|Any CPU
		{F341C5E3-6524-4C9C-AC6A-269BB0EDA1BE}.Debug|Any CPU.Build.0 = Debug|Any CPU
		{F341C5E3-6524-4C9C-AC6A-269BB0EDA1BE}.Release|Any CPU.ActiveCfg = Release|Any CPU
		{F341C5E3-6524-4C9C-AC6A-269BB0EDA1BE}.Release|Any CPU.Build.0 = Release|Any CPU
		{F82B0B1E-BA39-4A60-B8BF-8E2189AE4935}.Debug|Any CPU.ActiveCfg = Debug|Any CPU
		{F82B0B1E-BA39-4A60-B8BF-8E2189AE4935}.Debug|Any CPU.Build.0 = Debug|Any CPU
		{F82B0B1E-BA39-4A60-B8BF-8E2189AE4935}.Release|Any CPU.ActiveCfg = Release|Any CPU
		{F82B0B1E-BA39-4A60-B8BF-8E2189AE4935}.Release|Any CPU.Build.0 = Release|Any CPU
		{8B09B1B7-765E-4514-A740-FB50249B7F1F}.Debug|Any CPU.ActiveCfg = Debug|Any CPU
		{8B09B1B7-765E-4514-A740-FB50249B7F1F}.Debug|Any CPU.Build.0 = Debug|Any CPU
		{8B09B1B7-765E-4514-A740-FB50249B7F1F}.Release|Any CPU.ActiveCfg = Release|Any CPU
		{8B09B1B7-765E-4514-A740-FB50249B7F1F}.Release|Any CPU.Build.0 = Release|Any CPU
	EndGlobalSection
	GlobalSection(SolutionProperties) = preSolution
		HideSolutionNode = FALSE
	EndGlobalSection
	GlobalSection(ExtensibilityGlobals) = postSolution
		SolutionGuid = {5A847871-76C3-4387-B130-A2F78AD2476B}
	EndGlobalSection
EndGlobal
